<?xml version="1.0" encoding="UTF-8"?>
<CodeBlocks_project_file>
	<FileVersion major="1" minor="6"/>
	<Project>
		<Option title="mw-open-mpi"/>
		<Option makefile_is_custom="1"/>
		<Option compiler="gcc"/>
		<Option virtualFolders="CMake Files\;"/>
		<Build>
			<Target title="all">
				<Option working_dir="/Users/simonestaffa/Desktop/MW/mw-open-mpi"/>
				<Option type="4"/>
				<MakeCommands>
					<Build command="/usr/local/bin/gmake -f &quot;/Users/simonestaffa/Desktop/MW/mw-open-mpi/Makefile&quot;  VERBOSE=1 all"/>
					<CompileFile command="/usr/local/bin/gmake -f &quot;/Users/simonestaffa/Desktop/MW/mw-open-mpi/Makefile&quot;  VERBOSE=1 &quot;$file&quot;"/>
					<Clean command="/usr/local/bin/gmake -f &quot;/Users/simonestaffa/Desktop/MW/mw-open-mpi/Makefile&quot;  VERBOSE=1 clean"/>
					<DistClean command="/usr/local/bin/gmake -f &quot;/Users/simonestaffa/Desktop/MW/mw-open-mpi/Makefile&quot;  VERBOSE=1 clean"/>
				</MakeCommands>
			</Target>
			<Target title="rebuild_cache">
				<Option working_dir="/Users/simonestaffa/Desktop/MW/mw-open-mpi"/>
				<Option type="4"/>
				<MakeCommands>
					<Build command="/usr/local/bin/gmake -f &quot;/Users/simonestaffa/Desktop/MW/mw-open-mpi/Makefile&quot;  VERBOSE=1 rebuild_cache"/>
					<CompileFile command="/usr/local/bin/gmake -f &quot;/Users/simonestaffa/Desktop/MW/mw-open-mpi/Makefile&quot;  VERBOSE=1 &quot;$file&quot;"/>
					<Clean command="/usr/local/bin/gmake -f &quot;/Users/simonestaffa/Desktop/MW/mw-open-mpi/Makefile&quot;  VERBOSE=1 clean"/>
					<DistClean command="/usr/local/bin/gmake -f &quot;/Users/simonestaffa/Desktop/MW/mw-open-mpi/Makefile&quot;  VERBOSE=1 clean"/>
				</MakeCommands>
			</Target>
			<Target title="edit_cache">
				<Option working_dir="/Users/simonestaffa/Desktop/MW/mw-open-mpi"/>
				<Option type="4"/>
				<MakeCommands>
					<Build command="/usr/local/bin/gmake -f &quot;/Users/simonestaffa/Desktop/MW/mw-open-mpi/Makefile&quot;  VERBOSE=1 edit_cache"/>
					<CompileFile command="/usr/local/bin/gmake -f &quot;/Users/simonestaffa/Desktop/MW/mw-open-mpi/Makefile&quot;  VERBOSE=1 &quot;$file&quot;"/>
					<Clean command="/usr/local/bin/gmake -f &quot;/Users/simonestaffa/Desktop/MW/mw-open-mpi/Makefile&quot;  VERBOSE=1 clean"/>
					<DistClean command="/usr/local/bin/gmake -f &quot;/Users/simonestaffa/Desktop/MW/mw-open-mpi/Makefile&quot;  VERBOSE=1 clean"/>
				</MakeCommands>
			</Target>
			<Target title="mw-open-mpi">
				<Option output="/Users/simonestaffa/Desktop/MW/mw-open-mpi/mw-open-mpi" prefix_auto="0" extension_auto="0"/>
				<Option working_dir="/Users/simonestaffa/Desktop/MW/mw-open-mpi"/>
				<Option object_output="./"/>
				<Option type="1"/>
				<Option compiler="gcc"/>
				<Compiler>
					<Add option="-DOMPI_SKIP_MPICXX"/>
					<Add directory="/usr/include"/>
					<Add directory="/usr/include/mpi"/>
					<Add directory="/usr/include/mpich"/>
					<Add directory="/usr/include/openmpi"/>
					<Add directory="/usr/local/Cellar/open-mpi/4.0.3/include"/>
				</Compiler>
				<MakeCommands>
					<Build command="/usr/local/bin/gmake -f &quot;/Users/simonestaffa/Desktop/MW/mw-open-mpi/Makefile&quot;  VERBOSE=1 mw-open-mpi"/>
					<CompileFile command="/usr/local/bin/gmake -f &quot;/Users/simonestaffa/Desktop/MW/mw-open-mpi/Makefile&quot;  VERBOSE=1 &quot;$file&quot;"/>
					<Clean command="/usr/local/bin/gmake -f &quot;/Users/simonestaffa/Desktop/MW/mw-open-mpi/Makefile&quot;  VERBOSE=1 clean"/>
					<DistClean command="/usr/local/bin/gmake -f &quot;/Users/simonestaffa/Desktop/MW/mw-open-mpi/Makefile&quot;  VERBOSE=1 clean"/>
				</MakeCommands>
			</Target>
			<Target title="mw-open-mpi/fast">
				<Option output="/Users/simonestaffa/Desktop/MW/mw-open-mpi/mw-open-mpi" prefix_auto="0" extension_auto="0"/>
				<Option working_dir="/Users/simonestaffa/Desktop/MW/mw-open-mpi"/>
				<Option object_output="./"/>
				<Option type="1"/>
				<Option compiler="gcc"/>
				<Compiler>
					<Add option="-DOMPI_SKIP_MPICXX"/>
					<Add directory="/usr/include"/>
					<Add directory="/usr/include/mpi"/>
					<Add directory="/usr/include/mpich"/>
					<Add directory="/usr/include/openmpi"/>
					<Add directory="/usr/local/Cellar/open-mpi/4.0.3/include"/>
				</Compiler>
				<MakeCommands>
					<Build command="/usr/local/bin/gmake -f &quot;/Users/simonestaffa/Desktop/MW/mw-open-mpi/Makefile&quot;  VERBOSE=1 mw-open-mpi/fast"/>
					<CompileFile command="/usr/local/bin/gmake -f &quot;/Users/simonestaffa/Desktop/MW/mw-open-mpi/Makefile&quot;  VERBOSE=1 &quot;$file&quot;"/>
					<Clean command="/usr/local/bin/gmake -f &quot;/Users/simonestaffa/Desktop/MW/mw-open-mpi/Makefile&quot;  VERBOSE=1 clean"/>
					<DistClean command="/usr/local/bin/gmake -f &quot;/Users/simonestaffa/Desktop/MW/mw-open-mpi/Makefile&quot;  VERBOSE=1 clean"/>
				</MakeCommands>
			</Target>
		</Build>
		<Unit filename="/Users/simonestaffa/Desktop/MW/mw-open-mpi/main.cc">
			<Option target="mw-open-mpi"/>
		</Unit>
		<Unit filename="/Users/simonestaffa/Desktop/MW/mw-open-mpi/CMakeLists.txt">
			<Option virtualFolder="CMake Files\"/>
		</Unit>
	</Project>
</CodeBlocks_project_file>
